
Microsoft Visual Studio Solution File, Format Version 12.00
# Visual Studio Version 17
VisualStudioVersion = 17.3.32929.385
MinimumVisualStudioVersion = 10.0.40219.1
Project("{FAE04EC0-301F-11D3-BF4B-00C04F79EFBC}") = "FastLink", "FastLink.csproj", "{2750DF06-3F0F-4199-BC94-A0DB46730098}"
EndProject
Global
	GlobalSection(SolutionConfigurationPlatforms) = preSolution
		Debug|Any CPU = Debug|Any CPU
		Release|Any CPU = Release|Any CPU
	EndGlobalSection
	GlobalSection(ProjectConfigurationPlatforms) = postSolution
		{2750DF06-3F0F-4199-BC94-A0DB46730098}.Debug|Any CPU.ActiveCfg = Debug|Any CPU
		{2750DF06-3F0F-4199-BC94-A0DB46730098}.Debug|Any CPU.Build.0 = Debug|Any CPU
		{2750DF06-3F0F-4199-BC94-A0DB46730098}.Release|Any CPU.ActiveCfg = Release|Any CPU
		{2750DF06-3F0F-4199-BC94-A0DB46730098}.Release|Any CPU.Build.0 = Release|Any CPU
	EndGlobalSection
	GlobalSection(SolutionProperties) = preSolution
		HideSolutionNode = FALSE
	EndGlobalSection
	GlobalSection(ExtensibilityGlobals) = postSolution
		SolutionGuid = {109F0BAD-D7A8-4988-8260-4CB58B2F1156}
	EndGlobalSection
EndGlobal
